
Microsoft Visual Studio Solution File, Format Version 12.00
# Visual Studio 15
VisualStudioVersion = 15.0.26730.16
MinimumVisualStudioVersion = 10.0.40219.1
Project("{FAE04EC0-301F-11D3-BF4B-00C04F79EFBC}") = "korki 10", "korki 10\korki 10.csproj", "{7A8EBC09-0023-4EB9-A448-85C0CA36BF78}"
EndProject
Project("{FAE04EC0-301F-11D3-BF4B-00C04F79EFBC}") = "lista", "lista\lista.csproj", "{ACE47BAB-F410-448B-8E7E-0F32729CBC74}"
EndProject
Project("{FAE04EC0-301F-11D3-BF4B-00C04F79EFBC}") = "kolejka", "kolejka\kolejka.csproj", "{3DCB80C8-E608-4C87-A3CF-D43412ED7C99}"
EndProject
Global
	GlobalSection(SolutionConfigurationPlatforms) = preSolution
		Debug|Any CPU = Debug|Any CPU
		Release|Any CPU = Release|Any CPU
	EndGlobalSection
	GlobalSection(ProjectConfigurationPlatforms) = postSolution
		{7A8EBC09-0023-4EB9-A448-85C0CA36BF78}.Debug|Any CPU.ActiveCfg = Debug|Any CPU
		{7A8EBC09-0023-4EB9-A448-85C0CA36BF78}.Debug|Any CPU.Build.0 = Debug|Any CPU
		{7A8EBC09-0023-4EB9-A448-85C0CA36BF78}.Release|Any CPU.ActiveCfg = Release|Any CPU
		{7A8EBC09-0023-4EB9-A448-85C0CA36BF78}.Release|Any CPU.Build.0 = Release|Any CPU
		{ACE47BAB-F410-448B-8E7E-0F32729CBC74}.Debug|Any CPU.ActiveCfg = Debug|Any CPU
		{ACE47BAB-F410-448B-8E7E-0F32729CBC74}.Debug|Any CPU.Build.0 = Debug|Any CPU
		{ACE47BAB-F410-448B-8E7E-0F32729CBC74}.Release|Any CPU.ActiveCfg = Release|Any CPU
		{ACE47BAB-F410-448B-8E7E-0F32729CBC74}.Release|Any CPU.Build.0 = Release|Any CPU
		{3DCB80C8-E608-4C87-A3CF-D43412ED7C99}.Debug|Any CPU.ActiveCfg = Debug|Any CPU
		{3DCB80C8-E608-4C87-A3CF-D43412ED7C99}.Debug|Any CPU.Build.0 = Debug|Any CPU
		{3DCB80C8-E608-4C87-A3CF-D43412ED7C99}.Release|Any CPU.ActiveCfg = Release|Any CPU
		{3DCB80C8-E608-4C87-A3CF-D43412ED7C99}.Release|Any CPU.Build.0 = Release|Any CPU
	EndGlobalSection
	GlobalSection(SolutionProperties) = preSolution
		HideSolutionNode = FALSE
	EndGlobalSection
	GlobalSection(ExtensibilityGlobals) = postSolution
		SolutionGuid = {EBB0A79D-E68C-4ECA-84F9-C38374F7DD2A}
	EndGlobalSection
EndGlobal
