
Microsoft Visual Studio Solution File, Format Version 12.00
# Visual Studio 15
VisualStudioVersion = 15.0.27703.2018
MinimumVisualStudioVersion = 10.0.40219.1
Project("{FAE04EC0-301F-11D3-BF4B-00C04F79EFBC}") = "Zadanie1", "Zadanie1\Zadanie1.csproj", "{D0658AD3-E6EB-4731-B9AB-7748EC236AA1}"
EndProject
Project("{FAE04EC0-301F-11D3-BF4B-00C04F79EFBC}") = "Zadanie2", "Zadanie2\Zadanie2.csproj", "{C88E78FD-D82D-4AD5-B891-52C14111D503}"
EndProject
Project("{FAE04EC0-301F-11D3-BF4B-00C04F79EFBC}") = "Zadanie4", "Zadanie4\Zadanie4.csproj", "{E8F8BC9E-26E5-4164-BE4A-B7A20219BEF7}"
EndProject
Project("{FAE04EC0-301F-11D3-BF4B-00C04F79EFBC}") = "Zadanie5", "Zadanie5\Zadanie5.csproj", "{242AE444-1AFD-4E39-B477-59DE6BC1D585}"
EndProject
Project("{FAE04EC0-301F-11D3-BF4B-00C04F79EFBC}") = "Zadanie55", "Zadanie55\Zadanie55.csproj", "{F49FACF2-5F69-45AD-A78E-1AE94309D996}"
EndProject
Global
	GlobalSection(SolutionConfigurationPlatforms) = preSolution
		Debug|Any CPU = Debug|Any CPU
		Release|Any CPU = Release|Any CPU
	EndGlobalSection
	GlobalSection(ProjectConfigurationPlatforms) = postSolution
		{D0658AD3-E6EB-4731-B9AB-7748EC236AA1}.Debug|Any CPU.ActiveCfg = Debug|Any CPU
		{D0658AD3-E6EB-4731-B9AB-7748EC236AA1}.Debug|Any CPU.Build.0 = Debug|Any CPU
		{D0658AD3-E6EB-4731-B9AB-7748EC236AA1}.Release|Any CPU.ActiveCfg = Release|Any CPU
		{D0658AD3-E6EB-4731-B9AB-7748EC236AA1}.Release|Any CPU.Build.0 = Release|Any CPU
		{C88E78FD-D82D-4AD5-B891-52C14111D503}.Debug|Any CPU.ActiveCfg = Debug|Any CPU
		{C88E78FD-D82D-4AD5-B891-52C14111D503}.Debug|Any CPU.Build.0 = Debug|Any CPU
		{C88E78FD-D82D-4AD5-B891-52C14111D503}.Release|Any CPU.ActiveCfg = Release|Any CPU
		{C88E78FD-D82D-4AD5-B891-52C14111D503}.Release|Any CPU.Build.0 = Release|Any CPU
		{E8F8BC9E-26E5-4164-BE4A-B7A20219BEF7}.Debug|Any CPU.ActiveCfg = Debug|Any CPU
		{E8F8BC9E-26E5-4164-BE4A-B7A20219BEF7}.Debug|Any CPU.Build.0 = Debug|Any CPU
		{E8F8BC9E-26E5-4164-BE4A-B7A20219BEF7}.Release|Any CPU.ActiveCfg = Release|Any CPU
		{E8F8BC9E-26E5-4164-BE4A-B7A20219BEF7}.Release|Any CPU.Build.0 = Release|Any CPU
		{242AE444-1AFD-4E39-B477-59DE6BC1D585}.Debug|Any CPU.ActiveCfg = Debug|Any CPU
		{242AE444-1AFD-4E39-B477-59DE6BC1D585}.Debug|Any CPU.Build.0 = Debug|Any CPU
		{242AE444-1AFD-4E39-B477-59DE6BC1D585}.Release|Any CPU.ActiveCfg = Release|Any CPU
		{242AE444-1AFD-4E39-B477-59DE6BC1D585}.Release|Any CPU.Build.0 = Release|Any CPU
		{F49FACF2-5F69-45AD-A78E-1AE94309D996}.Debug|Any CPU.ActiveCfg = Debug|Any CPU
		{F49FACF2-5F69-45AD-A78E-1AE94309D996}.Debug|Any CPU.Build.0 = Debug|Any CPU
		{F49FACF2-5F69-45AD-A78E-1AE94309D996}.Release|Any CPU.ActiveCfg = Release|Any CPU
		{F49FACF2-5F69-45AD-A78E-1AE94309D996}.Release|Any CPU.Build.0 = Release|Any CPU
	EndGlobalSection
	GlobalSection(SolutionProperties) = preSolution
		HideSolutionNode = FALSE
	EndGlobalSection
	GlobalSection(ExtensibilityGlobals) = postSolution
		SolutionGuid = {BA4441E1-A217-49F6-9AA6-9CD1C2DFDC2C}
	EndGlobalSection
EndGlobal
