
Microsoft Visual Studio Solution File, Format Version 12.00
# Visual Studio 15
VisualStudioVersion = 15.0.26730.16
MinimumVisualStudioVersion = 10.0.40219.1
Project("{FAE04EC0-301F-11D3-BF4B-00C04F79EFBC}") = "Korki11", "Korki11\Korki11.csproj", "{B3189B38-C446-42E6-9F0C-4953A3728EF0}"
EndProject
Global
	GlobalSection(SolutionConfigurationPlatforms) = preSolution
		Debug|Any CPU = Debug|Any CPU
		Release|Any CPU = Release|Any CPU
	EndGlobalSection
	GlobalSection(ProjectConfigurationPlatforms) = postSolution
		{B3189B38-C446-42E6-9F0C-4953A3728EF0}.Debug|Any CPU.ActiveCfg = Debug|Any CPU
		{B3189B38-C446-42E6-9F0C-4953A3728EF0}.Debug|Any CPU.Build.0 = Debug|Any CPU
		{B3189B38-C446-42E6-9F0C-4953A3728EF0}.Release|Any CPU.ActiveCfg = Release|Any CPU
		{B3189B38-C446-42E6-9F0C-4953A3728EF0}.Release|Any CPU.Build.0 = Release|Any CPU
	EndGlobalSection
	GlobalSection(SolutionProperties) = preSolution
		HideSolutionNode = FALSE
	EndGlobalSection
	GlobalSection(ExtensibilityGlobals) = postSolution
		SolutionGuid = {F74B7A82-7FCA-45BD-9DE5-4F0924193F55}
	EndGlobalSection
EndGlobal
