
Microsoft Visual Studio Solution File, Format Version 12.00
# Visual Studio 15
VisualStudioVersion = 15.0.27703.2018
MinimumVisualStudioVersion = 10.0.40219.1
Project("{FAE04EC0-301F-11D3-BF4B-00C04F79EFBC}") = "Korki18", "Korki18\Korki18.csproj", "{DD1D4627-E486-4BC6-A928-41A0BFC67F76}"
EndProject
Global
	GlobalSection(SolutionConfigurationPlatforms) = preSolution
		Debug|Any CPU = Debug|Any CPU
		Release|Any CPU = Release|Any CPU
	EndGlobalSection
	GlobalSection(ProjectConfigurationPlatforms) = postSolution
		{DD1D4627-E486-4BC6-A928-41A0BFC67F76}.Debug|Any CPU.ActiveCfg = Debug|Any CPU
		{DD1D4627-E486-4BC6-A928-41A0BFC67F76}.Debug|Any CPU.Build.0 = Debug|Any CPU
		{DD1D4627-E486-4BC6-A928-41A0BFC67F76}.Release|Any CPU.ActiveCfg = Release|Any CPU
		{DD1D4627-E486-4BC6-A928-41A0BFC67F76}.Release|Any CPU.Build.0 = Release|Any CPU
	EndGlobalSection
	GlobalSection(SolutionProperties) = preSolution
		HideSolutionNode = FALSE
	EndGlobalSection
	GlobalSection(ExtensibilityGlobals) = postSolution
		SolutionGuid = {E2AA09CA-CE29-4E4D-8FD2-0FF57B69D7B4}
	EndGlobalSection
EndGlobal
